
Microsoft Visual Studio Solution File, Format Version 12.00
# Visual Studio 15
VisualStudioVersion = 15.0.27428.2037
MinimumVisualStudioVersion = 10.0.40219.1
Project("{FAE04EC0-301F-11D3-BF4B-00C04F79EFBC}") = "photogrouper.cli", "photogrouper.cli\photogrouper.cli.csproj", "{38710B4A-697A-491D-9204-E12C649C5930}"
EndProject
Project("{FAE04EC0-301F-11D3-BF4B-00C04F79EFBC}") = "photogrouper", "photogrouper\photogrouper.csproj", "{EE9657E0-FC65-4EFB-9044-9749B3E0547C}"
EndProject
Project("{9A19103F-16F7-4668-BE54-9A1E7A4F7556}") = "taglib-sharp", "..\taglib-sharp\src\taglib-sharp.csproj", "{BD8B50B8-4E2F-4FCA-BD3E-53E2CA0F74D7}"
EndProject
Project("{54435603-DBB4-11D2-8724-00A0C9A8B90C}") = "photogrouper.installer", "photogrouper.installer\photogrouper.installer.vdproj", "{A08BD502-F833-4CE1-88D8-C331381AB2EA}"
EndProject
Global
	GlobalSection(SolutionConfigurationPlatforms) = preSolution
		Debug|Any CPU = Debug|Any CPU
		Release|Any CPU = Release|Any CPU
	EndGlobalSection
	GlobalSection(ProjectConfigurationPlatforms) = postSolution
		{38710B4A-697A-491D-9204-E12C649C5930}.Debug|Any CPU.ActiveCfg = Debug|Any CPU
		{38710B4A-697A-491D-9204-E12C649C5930}.Debug|Any CPU.Build.0 = Debug|Any CPU
		{38710B4A-697A-491D-9204-E12C649C5930}.Release|Any CPU.ActiveCfg = Release|Any CPU
		{38710B4A-697A-491D-9204-E12C649C5930}.Release|Any CPU.Build.0 = Release|Any CPU
		{EE9657E0-FC65-4EFB-9044-9749B3E0547C}.Debug|Any CPU.ActiveCfg = Debug|Any CPU
		{EE9657E0-FC65-4EFB-9044-9749B3E0547C}.Debug|Any CPU.Build.0 = Debug|Any CPU
		{EE9657E0-FC65-4EFB-9044-9749B3E0547C}.Release|Any CPU.ActiveCfg = Release|Any CPU
		{EE9657E0-FC65-4EFB-9044-9749B3E0547C}.Release|Any CPU.Build.0 = Release|Any CPU
		{BD8B50B8-4E2F-4FCA-BD3E-53E2CA0F74D7}.Debug|Any CPU.ActiveCfg = Debug|Any CPU
		{BD8B50B8-4E2F-4FCA-BD3E-53E2CA0F74D7}.Debug|Any CPU.Build.0 = Debug|Any CPU
		{BD8B50B8-4E2F-4FCA-BD3E-53E2CA0F74D7}.Release|Any CPU.ActiveCfg = Release|Any CPU
		{BD8B50B8-4E2F-4FCA-BD3E-53E2CA0F74D7}.Release|Any CPU.Build.0 = Release|Any CPU
		{A08BD502-F833-4CE1-88D8-C331381AB2EA}.Debug|Any CPU.ActiveCfg = Debug
		{A08BD502-F833-4CE1-88D8-C331381AB2EA}.Release|Any CPU.ActiveCfg = Release
	EndGlobalSection
	GlobalSection(SolutionProperties) = preSolution
		HideSolutionNode = FALSE
	EndGlobalSection
	GlobalSection(ExtensibilityGlobals) = postSolution
		SolutionGuid = {0D358780-E506-485C-83DE-0FDE673C6551}
	EndGlobalSection
EndGlobal
